
Microsoft Visual Studio Solution File, Format Version 12.00
# Visual Studio Version 16
VisualStudioVersion = 16.0.29123.88
MinimumVisualStudioVersion = 10.0.40219.1
Project("{FAE04EC0-301F-11D3-BF4B-00C04F79EFBC}") = "Method", "Method\Method.csproj", "{AE03C1DE-D88C-48AF-9F92-178E9DF784A8}"
EndProject
Global
	GlobalSection(SolutionConfigurationPlatforms) = preSolution
		Debug|Any CPU = Debug|Any CPU
		Release|Any CPU = Release|Any CPU
	EndGlobalSection
	GlobalSection(ProjectConfigurationPlatforms) = postSolution
		{AE03C1DE-D88C-48AF-9F92-178E9DF784A8}.Debug|Any CPU.ActiveCfg = Debug|Any CPU
		{AE03C1DE-D88C-48AF-9F92-178E9DF784A8}.Debug|Any CPU.Build.0 = Debug|Any CPU
		{AE03C1DE-D88C-48AF-9F92-178E9DF784A8}.Release|Any CPU.ActiveCfg = Release|Any CPU
		{AE03C1DE-D88C-48AF-9F92-178E9DF784A8}.Release|Any CPU.Build.0 = Release|Any CPU
	EndGlobalSection
	GlobalSection(SolutionProperties) = preSolution
		HideSolutionNode = FALSE
	EndGlobalSection
	GlobalSection(ExtensibilityGlobals) = postSolution
		SolutionGuid = {AEE8B262-1E5C-45FF-B8C0-8946C4B58C95}
	EndGlobalSection
EndGlobal
